// !$*UTF8*$!
{
	archiveVersion = 1;
	classes = {
	};
	objectVersion = 46;
	objects = {

/* Begin PBXBuildFile section */
		10F373381D98C7A5007AD400 /* AppDelegate.swift in Sources */ = {isa = PBXBuildFile; fileRef = 10F373371D98C7A5007AD400 /* AppDelegate.swift */; };
		10F3733B1D98C7A5007AD400 /* Three_Rivers_Sitters.xcdatamodeld in Sources */ = {isa = PBXBuildFile; fileRef = 10F373391D98C7A5007AD400 /* Three_Rivers_Sitters.xcdatamodeld */; };
		10F3733D1D98C7A5007AD400 /* MasterViewController.swift in Sources */ = {isa = PBXBuildFile; fileRef = 10F3733C1D98C7A5007AD400 /* MasterViewController.swift */; };
		10F3733F1D98C7A5007AD400 /* DetailViewController.swift in Sources */ = {isa = PBXBuildFile; fileRef = 10F3733E1D98C7A5007AD400 /* DetailViewController.swift */; };
		10F373421D98C7A5007AD400 /* Main.storyboard in Resources */ = {isa = PBXBuildFile; fileRef = 10F373401D98C7A5007AD400 /* Main.storyboard */; };
		10F373441D98C7A5007AD400 /* Assets.xcassets in Resources */ = {isa = PBXBuildFile; fileRef = 10F373431D98C7A5007AD400 /* Assets.xcassets */; };
		10F373471D98C7A5007AD400 /* LaunchScreen.storyboard in Resources */ = {isa = PBXBuildFile; fileRef = 10F373451D98C7A5007AD400 /* LaunchScreen.storyboard */; };
		10F373521D98C7A5007AD400 /* Three_Rivers_SittersTests.swift in Sources */ = {isa = PBXBuildFile; fileRef = 10F373511D98C7A5007AD400 /* Three_Rivers_SittersTests.swift */; };
		10F3735D1D98C7A5007AD400 /* Three_Rivers_SittersUITests.swift in Sources */ = {isa = PBXBuildFile; fileRef = 10F3735C1D98C7A5007AD400 /* Three_Rivers_SittersUITests.swift */; };
/* End PBXBuildFile section */

/* Begin PBXContainerItemProxy section */
		10F3734E1D98C7A5007AD400 /* PBXContainerItemProxy */ = {
			isa = PBXContainerItemProxy;
			containerPortal = 10F3732C1D98C7A5007AD400 /* Project object */;
			proxyType = 1;
			remoteGlobalIDString = 10F373331D98C7A5007AD400;
			remoteInfo = "Three Rivers Sitters";
		};
		10F373591D98C7A5007AD400 /* PBXContainerItemProxy */ = {
			isa = PBXContainerItemProxy;
			containerPortal = 10F3732C1D98C7A5007AD400 /* Project object */;
			proxyType = 1;
			remoteGlobalIDString = 10F373331D98C7A5007AD400;
			remoteInfo = "Three Rivers Sitters";
		};
/* End PBXContainerItemProxy section */

/* Begin PBXFileReference section */
		10F373341D98C7A5007AD400 /* Three Rivers Sitters.app */ = {isa = PBXFileReference; explicitFileType = wrapper.application; includeInIndex = 0; path = "Three Rivers Sitters.app"; sourceTree = BUILT_PRODUCTS_DIR; };
		10F373371D98C7A5007AD400 /* AppDelegate.swift */ = {isa = PBXFileReference; lastKnownFileType = sourcecode.swift; path = AppDelegate.swift; sourceTree = "<group>"; };
		10F3733A1D98C7A5007AD400 /* Three_Rivers_Sitters.xcdatamodel */ = {isa = PBXFileReference; lastKnownFileType = wrapper.xcdatamodel; path = Three_Rivers_Sitters.xcdatamodel; sourceTree = "<group>"; };
		10F3733C1D98C7A5007AD400 /* MasterViewController.swift */ = {isa = PBXFileReference; lastKnownFileType = sourcecode.swift; path = MasterViewController.swift; sourceTree = "<group>"; };
		10F3733E1D98C7A5007AD400 /* DetailViewController.swift */ = {isa = PBXFileReference; lastKnownFileType = sourcecode.swift; path = DetailViewController.swift; sourceTree = "<group>"; };
		10F373411D98C7A5007AD400 /* Base */ = {isa = PBXFileReference; lastKnownFileType = file.storyboard; name = Base; path = Base.lproj/Main.storyboard; sourceTree = "<group>"; };
		10F373431D98C7A5007AD400 /* Assets.xcassets */ = {isa = PBXFileReference; lastKnownFileType = folder.assetcatalog; path = Assets.xcassets; sourceTree = "<group>"; };
		10F373461D98C7A5007AD400 /* Base */ = {isa = PBXFileReference; lastKnownFileType = file.storyboard; name = Base; path = Base.lproj/LaunchScreen.storyboard; sourceTree = "<group>"; };
		10F373481D98C7A5007AD400 /* Info.plist */ = {isa = PBXFileReference; lastKnownFileType = text.plist.xml; path = Info.plist; sourceTree = "<group>"; };
		10F3734D1D98C7A5007AD400 /* Three Rivers SittersTests.xctest */ = {isa = PBXFileReference; explicitFileType = wrapper.cfbundle; includeInIndex = 0; path = "Three Rivers SittersTests.xctest"; sourceTree = BUILT_PRODUCTS_DIR; };
		10F373511D98C7A5007AD400 /* Three_Rivers_SittersTests.swift */ = {isa = PBXFileReference; lastKnownFileType = sourcecode.swift; path = Three_Rivers_SittersTests.swift; sourceTree = "<group>"; };
		10F373531D98C7A5007AD400 /* Info.plist */ = {isa = PBXFileReference; lastKnownFileType = text.plist.xml; path = Info.plist; sourceTree = "<group>"; };
		10F373581D98C7A5007AD400 /* Three Rivers SittersUITests.xctest */ = {isa = PBXFileReference; explicitFileType = wrapper.cfbundle; includeInIndex = 0; path = "Three Rivers SittersUITests.xctest"; sourceTree = BUILT_PRODUCTS_DIR; };
		10F3735C1D98C7A5007AD400 /* Three_Rivers_SittersUITests.swift */ = {isa = PBXFileReference; lastKnownFileType = sourcecode.swift; path = Three_Rivers_SittersUITests.swift; sourceTree = "<group>"; };
		10F3735E1D98C7A5007AD400 /* Info.plist */ = {isa = PBXFileReference; lastKnownFileType = text.plist.xml; path = Info.plist; sourceTree = "<group>"; };
/* End PBXFileReference section */

/* Begin PBXFrameworksBuildPhase section */
		10F373311D98C7A5007AD400 /* Frameworks */ = {
			isa = PBXFrameworksBuildPhase;
			buildActionMask = 2147483647;
			files = (
			);
			runOnlyForDeploymentPostprocessing = 0;
		};
		10F3734A1D98C7A5007AD400 /* Frameworks */ = {
			isa = PBXFrameworksBuildPhase;
			buildActionMask = 2147483647;
			files = (
			);
			runOnlyForDeploymentPostprocessing = 0;
		};
		10F373551D98C7A5007AD400 /* Frameworks */ = {
			isa = PBXFrameworksBuildPhase;
			buildActionMask = 2147483647;
			files = (
			);
			runOnlyForDeploymentPostprocessing = 0;
		};
/* End PBXFrameworksBuildPhase section */

/* Begin PBXGroup section */
		10F3732B1D98C7A5007AD400 = {
			isa = PBXGroup;
			children = (
				10F373361D98C7A5007AD400 /* Three Rivers Sitters */,
				10F373501D98C7A5007AD400 /* Three Rivers SittersTests */,
				10F3735B1D98C7A5007AD400 /* Three Rivers SittersUITests */,
				10F373351D98C7A5007AD400 /* Products */,
			);
			sourceTree = "<group>";
		};
		10F373351D98C7A5007AD400 /* Products */ = {
			isa = PBXGroup;
			children = (
				10F373341D98C7A5007AD400 /* Three Rivers Sitters.app */,
				10F3734D1D98C7A5007AD400 /* Three Rivers SittersTests.xctest */,
				10F373581D98C7A5007AD400 /* Three Rivers SittersUITests.xctest */,
			);
			name = Products;
			sourceTree = "<group>";
		};
		10F373361D98C7A5007AD400 /* Three Rivers Sitters */ = {
			isa = PBXGroup;
			children = (
				10F373371D98C7A5007AD400 /* AppDelegate.swift */,
				10F3733C1D98C7A5007AD400 /* MasterViewController.swift */,
				10F3733E1D98C7A5007AD400 /* DetailViewController.swift */,
				10F373401D98C7A5007AD400 /* Main.storyboard */,
				10F373431D98C7A5007AD400 /* Assets.xcassets */,
				10F373451D98C7A5007AD400 /* LaunchScreen.storyboard */,
				10F373481D98C7A5007AD400 /* Info.plist */,
				10F373391D98C7A5007AD400 /* Three_Rivers_Sitters.xcdatamodeld */,
			);
			path = "Three Rivers Sitters";
			sourceTree = "<group>";
		};
		10F373501D98C7A5007AD400 /* Three Rivers SittersTests */ = {
			isa = PBXGroup;
			children = (
				10F373511D98C7A5007AD400 /* Three_Rivers_SittersTests.swift */,
				10F373531D98C7A5007AD400 /* Info.plist */,
			);
			path = "Three Rivers SittersTests";
			sourceTree = "<group>";
		};
		10F3735B1D98C7A5007AD400 /* Three Rivers SittersUITests */ = {
			isa = PBXGroup;
			children = (
				10F3735C1D98C7A5007AD400 /* Three_Rivers_SittersUITests.swift */,
				10F3735E1D98C7A5007AD400 /* Info.plist */,
			);
			path = "Three Rivers SittersUITests";
			sourceTree = "<group>";
		};
/* End PBXGroup section */

/* Begin PBXNativeTarget section */
		10F373331D98C7A5007AD400 /* Three Rivers Sitters */ = {
			isa = PBXNativeTarget;
			buildConfigurationList = 10F373611D98C7A5007AD400 /* Build configuration list for PBXNativeTarget "Three Rivers Sitters" */;
			buildPhases = (
				10F373301D98C7A5007AD400 /* Sources */,
				10F373311D98C7A5007AD400 /* Frameworks */,
				10F373321D98C7A5007AD400 /* Resources */,
			);
			buildRules = (
			);
			dependencies = (
			);
			name = "Three Rivers Sitters";
			productName = "Three Rivers Sitters";
			productReference = 10F373341D98C7A5007AD400 /* Three Rivers Sitters.app */;
			productType = "com.apple.product-type.application";
		};
		10F3734C1D98C7A5007AD400 /* Three Rivers SittersTests */ = {
			isa = PBXNativeTarget;
			buildConfigurationList = 10F373641D98C7A5007AD400 /* Build configuration list for PBXNativeTarget "Three Rivers SittersTests" */;
			buildPhases = (
				10F373491D98C7A5007AD400 /* Sources */,
				10F3734A1D98C7A5007AD400 /* Frameworks */,
				10F3734B1D98C7A5007AD400 /* Resources */,
			);
			buildRules = (
			);
			dependencies = (
				10F3734F1D98C7A5007AD400 /* PBXTargetDependency */,
			);
			name = "Three Rivers SittersTests";
			productName = "Three Rivers SittersTests";
			productReference = 10F3734D1D98C7A5007AD400 /* Three Rivers SittersTests.xctest */;
			productType = "com.apple.product-type.bundle.unit-test";
		};
		10F373571D98C7A5007AD400 /* Three Rivers SittersUITests */ = {
			isa = PBXNativeTarget;
			buildConfigurationList = 10F373671D98C7A5007AD400 /* Build configuration list for PBXNativeTarget "Three Rivers SittersUITests" */;
			buildPhases = (
				10F373541D98C7A5007AD400 /* Sources */,
				10F373551D98C7A5007AD400 /* Frameworks */,
				10F373561D98C7A5007AD400 /* Resources */,
			);
			buildRules = (
			);
			dependencies = (
				10F3735A1D98C7A5007AD400 /* PBXTargetDependency */,
			);
			name = "Three Rivers SittersUITests";
			productName = "Three Rivers SittersUITests";
			productReference = 10F373581D98C7A5007AD400 /* Three Rivers SittersUITests.xctest */;
			productType = "com.apple.product-type.bundle.ui-testing";
		};
/* End PBXNativeTarget section */

/* Begin PBXProject section */
		10F3732C1D98C7A5007AD400 /* Project object */ = {
			isa = PBXProject;
			attributes = {
				LastSwiftUpdateCheck = 0800;
				LastUpgradeCheck = 0800;
				ORGANIZATIONNAME = "Three Rivers Sitters";
				TargetAttributes = {
					10F373331D98C7A5007AD400 = {
						CreatedOnToolsVersion = 8.0;
						DevelopmentTeam = F93KH9X25B;
						DevelopmentTeamName = "Shrinath Badrinarayanan";
						ProvisioningStyle = Automatic;
					};
					10F3734C1D98C7A5007AD400 = {
						CreatedOnToolsVersion = 8.0;
						DevelopmentTeam = F93KH9X25B;
						DevelopmentTeamName = "Shrinath Badrinarayanan";
						ProvisioningStyle = Automatic;
						TestTargetID = 10F373331D98C7A5007AD400;
					};
					10F373571D98C7A5007AD400 = {
						CreatedOnToolsVersion = 8.0;
						DevelopmentTeam = F93KH9X25B;
						DevelopmentTeamName = "Shrinath Badrinarayanan";
						ProvisioningStyle = Automatic;
						TestTargetID = 10F373331D98C7A5007AD400;
					};
				};
			};
			buildConfigurationList = 10F3732F1D98C7A5007AD400 /* Build configuration list for PBXProject "Three Rivers Sitters" */;
			compatibilityVersion = "Xcode 3.2";
			developmentRegion = English;
			hasScannedForEncodings = 0;
			knownRegions = (
				en,
				Base,
			);
			mainGroup = 10F3732B1D98C7A5007AD400;
			productRefGroup = 10F373351D98C7A5007AD400 /* Products */;
			projectDirPath = "";
			projectRoot = "";
			targets = (
				10F373331D98C7A5007AD400 /* Three Rivers Sitters */,
				10F3734C1D98C7A5007AD400 /* Three Rivers SittersTests */,
				10F373571D98C7A5007AD400 /* Three Rivers SittersUITests */,
			);
		};
/* End PBXProject section */

/* Begin PBXResourcesBuildPhase section */
		10F373321D98C7A5007AD400 /* Resources */ = {
			isa = PBXResourcesBuildPhase;
			buildActionMask = 2147483647;
			files = (
				10F373471D98C7A5007AD400 /* LaunchScreen.storyboard in Resources */,
				10F373441D98C7A5007AD400 /* Assets.xcassets in Resources */,
				10F373421D98C7A5007AD400 /* Main.storyboard in Resources */,
			);
			runOnlyForDeploymentPostprocessing = 0;
		};
		10F3734B1D98C7A5007AD400 /* Resources */ = {
			isa = PBXResourcesBuildPhase;
			buildActionMask = 2147483647;
			files = (
			);
			runOnlyForDeploymentPostprocessing = 0;
		};
		10F373561D98C7A5007AD400 /* Resources */ = {
			isa = PBXResourcesBuildPhase;
			buildActionMask = 2147483647;
			files = (
			);
			runOnlyForDeploymentPostprocessing = 0;
		};
/* End PBXResourcesBuildPhase section */

/* Begin PBXSourcesBuildPhase section */
		10F373301D98C7A5007AD400 /* Sources */ = {
			isa = PBXSourcesBuildPhase;
			buildActionMask = 2147483647;
			files = (
				10F3733B1D98C7A5007AD400 /* Three_Rivers_Sitters.xcdatamodeld in Sources */,
				10F373381D98C7A5007AD400 /* AppDelegate.swift in Sources */,
				10F3733D1D98C7A5007AD400 /* MasterViewController.swift in Sources */,
				10F3733F1D98C7A5007AD400 /* DetailViewController.swift in Sources */,
			);
			runOnlyForDeploymentPostprocessing = 0;
		};
		10F373491D98C7A5007AD400 /* Sources */ = {
			isa = PBXSourcesBuildPhase;
			buildActionMask = 2147483647;
			files = (
				10F373521D98C7A5007AD400 /* Three_Rivers_SittersTests.swift in Sources */,
			);
			runOnlyForDeploymentPostprocessing = 0;
		};
		10F373541D98C7A5007AD400 /* Sources */ = {
			isa = PBXSourcesBuildPhase;
			buildActionMask = 2147483647;
			files = (
				10F3735D1D98C7A5007AD400 /* Three_Rivers_SittersUITests.swift in Sources */,
			);
			runOnlyForDeploymentPostprocessing = 0;
		};
/* End PBXSourcesBuildPhase section */

/* Begin PBXTargetDependency section */
		10F3734F1D98C7A5007AD400 /* PBXTargetDependency */ = {
			isa = PBXTargetDependency;
			target = 10F373331D98C7A5007AD400 /* Three Rivers Sitters */;
			targetProxy = 10F3734E1D98C7A5007AD400 /* PBXContainerItemProxy */;
		};
		10F3735A1D98C7A5007AD400 /* PBXTargetDependency */ = {
			isa = PBXTargetDependency;
			target = 10F373331D98C7A5007AD400 /* Three Rivers Sitters */;
			targetProxy = 10F373591D98C7A5007AD400 /* PBXContainerItemProxy */;
		};
/* End PBXTargetDependency section */

/* Begin PBXVariantGroup section */
		10F373401D98C7A5007AD400 /* Main.storyboard */ = {
			isa = PBXVariantGroup;
			children = (
				10F373411D98C7A5007AD400 /* Base */,
			);
			name = Main.storyboard;
			sourceTree = "<group>";
		};
		10F373451D98C7A5007AD400 /* LaunchScreen.storyboard */ = {
			isa = PBXVariantGroup;
			children = (
				10F373461D98C7A5007AD400 /* Base */,
			);
			name = LaunchScreen.storyboard;
			sourceTree = "<group>";
		};
/* End PBXVariantGroup section */

/* Begin XCBuildConfiguration section */
		10F3735F1D98C7A5007AD400 /* Debug */ = {
			isa = XCBuildConfiguration;
			buildSettings = {
				ALWAYS_SEARCH_USER_PATHS = NO;
				CLANG_ANALYZER_NONNULL = YES;
				CLANG_CXX_LANGUAGE_STANDARD = "gnu++0x";
				CLANG_CXX_LIBRARY = "libc++";
				CLANG_ENABLE_MODULES = YES;
				CLANG_ENABLE_OBJC_ARC = YES;
				CLANG_WARN_BOOL_CONVERSION = YES;
				CLANG_WARN_CONSTANT_CONVERSION = YES;
				CLANG_WARN_DIRECT_OBJC_ISA_USAGE = YES_ERROR;
				CLANG_WARN_DOCUMENTATION_COMMENTS = YES;
				CLANG_WARN_EMPTY_BODY = YES;
				CLANG_WARN_ENUM_CONVERSION = YES;
				CLANG_WARN_INT_CONVERSION = YES;
				CLANG_WARN_OBJC_ROOT_CLASS = YES_ERROR;
				CLANG_WARN_UNREACHABLE_CODE = YES;
				CLANG_WARN__DUPLICATE_METHOD_MATCH = YES;
				"CODE_SIGN_IDENTITY[sdk=iphoneos*]" = "iPhone Developer";
				COPY_PHASE_STRIP = NO;
				DEBUG_INFORMATION_FORMAT = dwarf;
				ENABLE_STRICT_OBJC_MSGSEND = YES;
				ENABLE_TESTABILITY = YES;
				GCC_C_LANGUAGE_STANDARD = gnu99;
				GCC_DYNAMIC_NO_PIC = NO;
				GCC_NO_COMMON_BLOCKS = YES;
				GCC_OPTIMIZATION_LEVEL = 0;
				GCC_PREPROCESSOR_DEFINITIONS = (
					"DEBUG=1",
					"$(inherited)",
				);
				GCC_WARN_64_TO_32_BIT_CONVERSION = YES;
				GCC_WARN_ABOUT_RETURN_TYPE = YES_ERROR;
				GCC_WARN_UNDECLARED_SELECTOR = YES;
				GCC_WARN_UNINITIALIZED_AUTOS = YES_AGGRESSIVE;
				GCC_WARN_UNUSED_FUNCTION = YES;
				GCC_WARN_UNUSED_VARIABLE = YES;
				IPHONEOS_DEPLOYMENT_TARGET = 10.0;
				MTL_ENABLE_DEBUG_INFO = YES;
				ONLY_ACTIVE_ARCH = YES;
				SDKROOT = iphoneos;
				SWIFT_ACTIVE_COMPILATION_CONDITIONS = DEBUG;
				SWIFT_OPTIMIZATION_LEVEL = "-Onone";
			};
			name = Debug;
		};
		10F373601D98C7A5007AD400 /* Release */ = {
			isa = XCBuildConfiguration;
			buildSettings = {
				ALWAYS_SEARCH_USER_PATHS = NO;
				CLANG_ANALYZER_NONNULL = YES;
				CLANG_CXX_LANGUAGE_STANDARD = "gnu++0x";
				CLANG_CXX_LIBRARY = "libc++";
				CLANG_ENABLE_MODULES = YES;
				CLANG_ENABLE_OBJC_ARC = YES;
				CLANG_WARN_BOOL_CONVERSION = YES;
				CLANG_WARN_CONSTANT_CONVERSION = YES;
				CLANG_WARN_DIRECT_OBJC_ISA_USAGE = YES_ERROR;
				CLANG_WARN_DOCUMENTATION_COMMENTS = YES;
				CLANG_WARN_EMPTY_BODY = YES;
				CLANG_WARN_ENUM_CONVERSION = YES;
				CLANG_WARN_INT_CONVERSION = YES;
				CLANG_WARN_OBJC_ROOT_CLASS = YES_ERROR;
				CLANG_WARN_UNREACHABLE_CODE = YES;
				CLANG_WARN__DUPLICATE_METHOD_MATCH = YES;
				"CODE_SIGN_IDENTITY[sdk=iphoneos*]" = "iPhone Developer";
				COPY_PHASE_STRIP = NO;
				DEBUG_INFORMATION_FORMAT = "dwarf-with-dsym";
				ENABLE_NS_ASSERTIONS = NO;
				ENABLE_STRICT_OBJC_MSGSEND = YES;
				GCC_C_LANGUAGE_STANDARD = gnu99;
				GCC_NO_COMMON_BLOCKS = YES;
				GCC_WARN_64_TO_32_BIT_CONVERSION = YES;
				GCC_WARN_ABOUT_RETURN_TYPE = YES_ERROR;
				GCC_WARN_UNDECLARED_SELECTOR = YES;
				GCC_WARN_UNINITIALIZED_AUTOS = YES_AGGRESSIVE;
				GCC_WARN_UNUSED_FUNCTION = YES;
				GCC_WARN_UNUSED_VARIABLE = YES;
				IPHONEOS_DEPLOYMENT_TARGET = 10.0;
				MTL_ENABLE_DEBUG_INFO = NO;
				SDKROOT = iphoneos;
				SWIFT_OPTIMIZATION_LEVEL = "-Owholemodule";
				VALIDATE_PRODUCT = YES;
			};
			name = Release;
		};
		10F373621D98C7A5007AD400 /* Debug */ = {
			isa = XCBuildConfiguration;
			buildSettings = {
				ASSETCATALOG_COMPILER_APPICON_NAME = AppIcon;
				INFOPLIST_FILE = "Three Rivers Sitters/Info.plist";
				LD_RUNPATH_SEARCH_PATHS = "$(inherited) @executable_path/Frameworks";
				PRODUCT_BUNDLE_IDENTIFIER = "com.threeriverssitters.Three-Rivers-Sitters";
				PRODUCT_NAME = "$(TARGET_NAME)";
				SWIFT_VERSION = 3.0;
			};
			name = Debug;
		};
		10F373631D98C7A5007AD400 /* Release */ = {
			isa = XCBuildConfiguration;
			buildSettings = {
				ASSETCATALOG_COMPILER_APPICON_NAME = AppIcon;
				INFOPLIST_FILE = "Three Rivers Sitters/Info.plist";
				LD_RUNPATH_SEARCH_PATHS = "$(inherited) @executable_path/Frameworks";
				PRODUCT_BUNDLE_IDENTIFIER = "com.threeriverssitters.Three-Rivers-Sitters";
				PRODUCT_NAME = "$(TARGET_NAME)";
				SWIFT_VERSION = 3.0;
			};
			name = Release;
		};
		10F373651D98C7A5007AD400 /* Debug */ = {
			isa = XCBuildConfiguration;
			buildSettings = {
				BUNDLE_LOADER = "$(TEST_HOST)";
				INFOPLIST_FILE = "Three Rivers SittersTests/Info.plist";
				LD_RUNPATH_SEARCH_PATHS = "$(inherited) @executable_path/Frameworks @loader_path/Frameworks";
				PRODUCT_BUNDLE_IDENTIFIER = "com.threeriverssitters.Three-Rivers-SittersTests";
				PRODUCT_NAME = "$(TARGET_NAME)";
				SWIFT_VERSION = 3.0;
				TEST_HOST = "$(BUILT_PRODUCTS_DIR)/Three Rivers Sitters.app/Three Rivers Sitters";
			};
			name = Debug;
		};
		10F373661D98C7A5007AD400 /* Release */ = {
			isa = XCBuildConfiguration;
			buildSettings = {
				BUNDLE_LOADER = "$(TEST_HOST)";
				INFOPLIST_FILE = "Three Rivers SittersTests/Info.plist";
				LD_RUNPATH_SEARCH_PATHS = "$(inherited) @executable_path/Frameworks @loader_path/Frameworks";
				PRODUCT_BUNDLE_IDENTIFIER = "com.threeriverssitters.Three-Rivers-SittersTests";
				PRODUCT_NAME = "$(TARGET_NAME)";
				SWIFT_VERSION = 3.0;
				TEST_HOST = "$(BUILT_PRODUCTS_DIR)/Three Rivers Sitters.app/Three Rivers Sitters";
			};
			name = Release;
		};
		10F373681D98C7A5007AD400 /* Debug */ = {
			isa = XCBuildConfiguration;
			buildSettings = {
				INFOPLIST_FILE = "Three Rivers SittersUITests/Info.plist";
				LD_RUNPATH_SEARCH_PATHS = "$(inherited) @executable_path/Frameworks @loader_path/Frameworks";
				PRODUCT_BUNDLE_IDENTIFIER = "com.threeriverssitters.Three-Rivers-SittersUITests";
				PRODUCT_NAME = "$(TARGET_NAME)";
				SWIFT_VERSION = 3.0;
				TEST_TARGET_NAME = "Three Rivers Sitters";
			};
			name = Debug;
		};
		10F373691D98C7A5007AD400 /* Release */ = {
			isa = XCBuildConfiguration;
			buildSettings = {
				INFOPLIST_FILE = "Three Rivers SittersUITests/Info.plist";
				LD_RUNPATH_SEARCH_PATHS = "$(inherited) @executable_path/Frameworks @loader_path/Frameworks";
				PRODUCT_BUNDLE_IDENTIFIER = "com.threeriverssitters.Three-Rivers-SittersUITests";
				PRODUCT_NAME = "$(TARGET_NAME)";
				SWIFT_VERSION = 3.0;
				TEST_TARGET_NAME = "Three Rivers Sitters";
			};
			name = Release;
		};
/* End XCBuildConfiguration section */

/* Begin XCConfigurationList section */
		10F3732F1D98C7A5007AD400 /* Build configuration list for PBXProject "Three Rivers Sitters" */ = {
			isa = XCConfigurationList;
			buildConfigurations = (
				10F3735F1D98C7A5007AD400 /* Debug */,
				10F373601D98C7A5007AD400 /* Release */,
			);
			defaultConfigurationIsVisible = 0;
			defaultConfigurationName = Release;
		};
		10F373611D98C7A5007AD400 /* Build configuration list for PBXNativeTarget "Three Rivers Sitters" */ = {
			isa = XCConfigurationList;
			buildConfigurations = (
				10F373621D98C7A5007AD400 /* Debug */,
				10F373631D98C7A5007AD400 /* Release */,
			);
			defaultConfigurationIsVisible = 0;
		};
		10F373641D98C7A5007AD400 /* Build configuration list for PBXNativeTarget "Three Rivers SittersTests" */ = {
			isa = XCConfigurationList;
			buildConfigurations = (
				10F373651D98C7A5007AD400 /* Debug */,
				10F373661D98C7A5007AD400 /* Release */,
			);
			defaultConfigurationIsVisible = 0;
		};
		10F373671D98C7A5007AD400 /* Build configuration list for PBXNativeTarget "Three Rivers SittersUITests" */ = {
			isa = XCConfigurationList;
			buildConfigurations = (
				10F373681D98C7A5007AD400 /* Debug */,
				10F373691D98C7A5007AD400 /* Release */,
			);
			defaultConfigurationIsVisible = 0;
		};
/* End XCConfigurationList section */

/* Begin XCVersionGroup section */
		10F373391D98C7A5007AD400 /* Three_Rivers_Sitters.xcdatamodeld */ = {
			isa = XCVersionGroup;
			children = (
				10F3733A1D98C7A5007AD400 /* Three_Rivers_Sitters.xcdatamodel */,
			);
			currentVersion = 10F3733A1D98C7A5007AD400 /* Three_Rivers_Sitters.xcdatamodel */;
			path = Three_Rivers_Sitters.xcdatamodeld;
			sourceTree = "<group>";
			versionGroupType = wrapper.xcdatamodel;
		};
/* End XCVersionGroup section */
	};
	rootObject = 10F3732C1D98C7A5007AD400 /* Project object */;
}
